// !$*UTF8*$!
{
	archiveVersion = 1;
	classes = {
	};
	objectVersion = 55;
	objects = {

/* Begin PBXBuildFile section */
		3206EBC72819D6A7006A9FF0 /* MonRestaurants.xcdatamodeld in Sources */ = {isa = PBXBuildFile; fileRef = 3206EBC52819D6A7006A9FF0 /* MonRestaurants.xcdatamodeld */; };
		32213AB4281AF78700193658 /* WalkthroughContentViewController.swift in Sources */ = {isa = PBXBuildFile; fileRef = 32213AB3281AF78700193658 /* WalkthroughContentViewController.swift */; };
		32213AB6281AF79B00193658 /* WalkthroughPageViewController.swift in Sources */ = {isa = PBXBuildFile; fileRef = 32213AB5281AF79B00193658 /* WalkthroughPageViewController.swift */; };
		32213AB8281AF7C400193658 /* WalkthroughViewController.swift in Sources */ = {isa = PBXBuildFile; fileRef = 32213AB7281AF7C400193658 /* WalkthroughViewController.swift */; };
		32213ABA281AF84300193658 /* Assets.xcassets in Resources */ = {isa = PBXBuildFile; fileRef = 32213AB9281AF84300193658 /* Assets.xcassets */; };
		32213ABF281AF85C00193658 /* About.storyboard in Resources */ = {isa = PBXBuildFile; fileRef = 32213ABB281AF85C00193658 /* About.storyboard */; };
		32213AC0281AF85C00193658 /* Main.storyboard in Resources */ = {isa = PBXBuildFile; fileRef = 32213ABC281AF85C00193658 /* Main.storyboard */; };
		32213AC1281AF85C00193658 /* Onboarding.storyboard in Resources */ = {isa = PBXBuildFile; fileRef = 32213ABD281AF85C00193658 /* Onboarding.storyboard */; };
		32213AC2281AF85C00193658 /* Discover.storyboard in Resources */ = {isa = PBXBuildFile; fileRef = 32213ABE281AF85C00193658 /* Discover.storyboard */; };
		32213AC4281AFDEC00193658 /* AboutTableViewController.swift in Sources */ = {isa = PBXBuildFile; fileRef = 32213AC3281AFDEC00193658 /* AboutTableViewController.swift */; };
		32213AC6281B089A00193658 /* WebViewController.swift in Sources */ = {isa = PBXBuildFile; fileRef = 32213AC5281B089A00193658 /* WebViewController.swift */; };
		3277C45328140F680074FA77 /* AppDelegate.swift in Sources */ = {isa = PBXBuildFile; fileRef = 3277C45228140F680074FA77 /* AppDelegate.swift */; };
		3277C45528140F680074FA77 /* SceneDelegate.swift in Sources */ = {isa = PBXBuildFile; fileRef = 3277C45428140F680074FA77 /* SceneDelegate.swift */; };
		3277C45F28140F690074FA77 /* LaunchScreen.storyboard in Resources */ = {isa = PBXBuildFile; fileRef = 3277C45D28140F690074FA77 /* LaunchScreen.storyboard */; };
		3277C4832814500C0074FA77 /* RestaurantTableViewController.swift in Sources */ = {isa = PBXBuildFile; fileRef = 3277C4822814500C0074FA77 /* RestaurantTableViewController.swift */; };
		32D2C98F28146FAE001ABA61 /* RestaurantTableViewCell.swift in Sources */ = {isa = PBXBuildFile; fileRef = 32D2C98E28146FAE001ABA61 /* RestaurantTableViewCell.swift */; };
		32D2C9962815C3C5001ABA61 /* Restaurant.swift in Sources */ = {isa = PBXBuildFile; fileRef = 32D2C9952815C3C5001ABA61 /* Restaurant.swift */; };
		32D2C99A2815D890001ABA61 /* RestaurantDiffableDataSource.swift in Sources */ = {isa = PBXBuildFile; fileRef = 32D2C9992815D890001ABA61 /* RestaurantDiffableDataSource.swift */; };
		32D2C99D28171307001ABA61 /* RestaurantDetailViewController.swift in Sources */ = {isa = PBXBuildFile; fileRef = 32D2C99C28171307001ABA61 /* RestaurantDetailViewController.swift */; };
		32F4ADED2819D0A0007E0302 /* NewRestaurantController.swift in Sources */ = {isa = PBXBuildFile; fileRef = 32F4ADEC2819D0A0007E0302 /* NewRestaurantController.swift */; };
		32F4ADEF2819D15B007E0302 /* RoundedTextField.swift in Sources */ = {isa = PBXBuildFile; fileRef = 32F4ADEE2819D15B007E0302 /* RoundedTextField.swift */; };
		32F66D1528180586005468AD /* RestaurantDetailHeaderView.swift in Sources */ = {isa = PBXBuildFile; fileRef = 32F66D1428180586005468AD /* RestaurantDetailHeaderView.swift */; };
		32F66D17281805B2005468AD /* RestaurantDetailTextCell.swift in Sources */ = {isa = PBXBuildFile; fileRef = 32F66D16281805B2005468AD /* RestaurantDetailTextCell.swift */; };
		32F66D19281805CC005468AD /* RestaurantDetailTwoColumnCell.swift in Sources */ = {isa = PBXBuildFile; fileRef = 32F66D18281805CC005468AD /* RestaurantDetailTwoColumnCell.swift */; };
		32F66D1C28180781005468AD /* UIColor+Ext.swift in Sources */ = {isa = PBXBuildFile; fileRef = 32F66D1B28180781005468AD /* UIColor+Ext.swift */; };
		32F66D2028180827005468AD /* RestaurantDetailMapCell.swift in Sources */ = {isa = PBXBuildFile; fileRef = 32F66D1F28180827005468AD /* RestaurantDetailMapCell.swift */; };
		32F66D22281808B6005468AD /* NavigationController.swift in Sources */ = {isa = PBXBuildFile; fileRef = 32F66D21281808B6005468AD /* NavigationController.swift */; };
		32F66D24281808D2005468AD /* MapViewController.swift in Sources */ = {isa = PBXBuildFile; fileRef = 32F66D23281808D2005468AD /* MapViewController.swift */; };
		32F66D26281808E4005468AD /* ReviewViewController.swift in Sources */ = {isa = PBXBuildFile; fileRef = 32F66D25281808E4005468AD /* ReviewViewController.swift */; };
/* End PBXBuildFile section */

/* Begin PBXFileReference section */
		3206EBC62819D6A7006A9FF0 /* MonRestaurants.xcdatamodel */ = {isa = PBXFileReference; lastKnownFileType = wrapper.xcdatamodel; path = MonRestaurants.xcdatamodel; sourceTree = "<group>"; };
		32213AB3281AF78700193658 /* WalkthroughContentViewController.swift */ = {isa = PBXFileReference; lastKnownFileType = sourcecode.swift; path = WalkthroughContentViewController.swift; sourceTree = "<group>"; };
		32213AB5281AF79B00193658 /* WalkthroughPageViewController.swift */ = {isa = PBXFileReference; lastKnownFileType = sourcecode.swift; path = WalkthroughPageViewController.swift; sourceTree = "<group>"; };
		32213AB7281AF7C400193658 /* WalkthroughViewController.swift */ = {isa = PBXFileReference; lastKnownFileType = sourcecode.swift; path = WalkthroughViewController.swift; sourceTree = "<group>"; };
		32213AB9281AF84300193658 /* Assets.xcassets */ = {isa = PBXFileReference; lastKnownFileType = folder.assetcatalog; path = Assets.xcassets; sourceTree = "<group>"; };
		32213ABB281AF85C00193658 /* About.storyboard */ = {isa = PBXFileReference; fileEncoding = 4; lastKnownFileType = file.storyboard; path = About.storyboard; sourceTree = "<group>"; };
		32213ABC281AF85C00193658 /* Main.storyboard */ = {isa = PBXFileReference; fileEncoding = 4; lastKnownFileType = file.storyboard; path = Main.storyboard; sourceTree = "<group>"; };
		32213ABD281AF85C00193658 /* Onboarding.storyboard */ = {isa = PBXFileReference; fileEncoding = 4; lastKnownFileType = file.storyboard; path = Onboarding.storyboard; sourceTree = "<group>"; };
		32213ABE281AF85C00193658 /* Discover.storyboard */ = {isa = PBXFileReference; fileEncoding = 4; lastKnownFileType = file.storyboard; path = Discover.storyboard; sourceTree = "<group>"; };
		32213AC3281AFDEC00193658 /* AboutTableViewController.swift */ = {isa = PBXFileReference; lastKnownFileType = sourcecode.swift; path = AboutTableViewController.swift; sourceTree = "<group>"; };
		32213AC5281B089A00193658 /* WebViewController.swift */ = {isa = PBXFileReference; lastKnownFileType = sourcecode.swift; path = WebViewController.swift; sourceTree = "<group>"; };
		3277C44F28140F680074FA77 /* MonRestaurants.app */ = {isa = PBXFileReference; explicitFileType = wrapper.application; includeInIndex = 0; path = MonRestaurants.app; sourceTree = BUILT_PRODUCTS_DIR; };
		3277C45228140F680074FA77 /* AppDelegate.swift */ = {isa = PBXFileReference; lastKnownFileType = sourcecode.swift; path = AppDelegate.swift; sourceTree = "<group>"; };
		3277C45428140F680074FA77 /* SceneDelegate.swift */ = {isa = PBXFileReference; lastKnownFileType = sourcecode.swift; path = SceneDelegate.swift; sourceTree = "<group>"; };
		3277C45E28140F690074FA77 /* Base */ = {isa = PBXFileReference; lastKnownFileType = file.storyboard; name = Base; path = Base.lproj/LaunchScreen.storyboard; sourceTree = "<group>"; };
		3277C46028140F690074FA77 /* Info.plist */ = {isa = PBXFileReference; lastKnownFileType = text.plist.xml; path = Info.plist; sourceTree = "<group>"; };
		3277C4822814500C0074FA77 /* RestaurantTableViewController.swift */ = {isa = PBXFileReference; lastKnownFileType = sourcecode.swift; path = RestaurantTableViewController.swift; sourceTree = "<group>"; };
		32D2C98E28146FAE001ABA61 /* RestaurantTableViewCell.swift */ = {isa = PBXFileReference; lastKnownFileType = sourcecode.swift; path = RestaurantTableViewCell.swift; sourceTree = "<group>"; };
		32D2C9952815C3C5001ABA61 /* Restaurant.swift */ = {isa = PBXFileReference; lastKnownFileType = sourcecode.swift; path = Restaurant.swift; sourceTree = "<group>"; };
		32D2C9992815D890001ABA61 /* RestaurantDiffableDataSource.swift */ = {isa = PBXFileReference; lastKnownFileType = sourcecode.swift; path = RestaurantDiffableDataSource.swift; sourceTree = "<group>"; };
		32D2C99C28171307001ABA61 /* RestaurantDetailViewController.swift */ = {isa = PBXFileReference; lastKnownFileType = sourcecode.swift; path = RestaurantDetailViewController.swift; sourceTree = "<group>"; };
		32F4ADEC2819D0A0007E0302 /* NewRestaurantController.swift */ = {isa = PBXFileReference; lastKnownFileType = sourcecode.swift; path = NewRestaurantController.swift; sourceTree = "<group>"; };
		32F4ADEE2819D15B007E0302 /* RoundedTextField.swift */ = {isa = PBXFileReference; lastKnownFileType = sourcecode.swift; path = RoundedTextField.swift; sourceTree = "<group>"; };
		32F66D102818052E005468AD /* Nunito-Bold.ttf */ = {isa = PBXFileReference; lastKnownFileType = file; path = "Nunito-Bold.ttf"; sourceTree = "<group>"; };
		32F66D112818052E005468AD /* Nunito-Regular.ttf */ = {isa = PBXFileReference; lastKnownFileType = file; path = "Nunito-Regular.ttf"; sourceTree = "<group>"; };
		32F66D1428180586005468AD /* RestaurantDetailHeaderView.swift */ = {isa = PBXFileReference; lastKnownFileType = sourcecode.swift; path = RestaurantDetailHeaderView.swift; sourceTree = "<group>"; };
		32F66D16281805B2005468AD /* RestaurantDetailTextCell.swift */ = {isa = PBXFileReference; lastKnownFileType = sourcecode.swift; path = RestaurantDetailTextCell.swift; sourceTree = "<group>"; };
		32F66D18281805CC005468AD /* RestaurantDetailTwoColumnCell.swift */ = {isa = PBXFileReference; lastKnownFileType = sourcecode.swift; path = RestaurantDetailTwoColumnCell.swift; sourceTree = "<group>"; };
		32F66D1B28180781005468AD /* UIColor+Ext.swift */ = {isa = PBXFileReference; lastKnownFileType = sourcecode.swift; path = "UIColor+Ext.swift"; sourceTree = "<group>"; };
		32F66D1F28180827005468AD /* RestaurantDetailMapCell.swift */ = {isa = PBXFileReference; lastKnownFileType = sourcecode.swift; path = RestaurantDetailMapCell.swift; sourceTree = "<group>"; };
		32F66D21281808B6005468AD /* NavigationController.swift */ = {isa = PBXFileReference; lastKnownFileType = sourcecode.swift; path = NavigationController.swift; sourceTree = "<group>"; };
		32F66D23281808D2005468AD /* MapViewController.swift */ = {isa = PBXFileReference; lastKnownFileType = sourcecode.swift; path = MapViewController.swift; sourceTree = "<group>"; };
		32F66D25281808E4005468AD /* ReviewViewController.swift */ = {isa = PBXFileReference; lastKnownFileType = sourcecode.swift; path = ReviewViewController.swift; sourceTree = "<group>"; };
/* End PBXFileReference section */

/* Begin PBXFrameworksBuildPhase section */
		3277C44C28140F680074FA77 /* Frameworks */ = {
			isa = PBXFrameworksBuildPhase;
			buildActionMask = 2147483647;
			files = (
			);
			runOnlyForDeploymentPostprocessing = 0;
		};
/* End PBXFrameworksBuildPhase section */

/* Begin PBXGroup section */
		3277C44628140F680074FA77 = {
			isa = PBXGroup;
			children = (
				3277C45128140F680074FA77 /* MonRestaurants */,
				3277C45028140F680074FA77 /* Products */,
			);
			sourceTree = "<group>";
		};
		3277C45028140F680074FA77 /* Products */ = {
			isa = PBXGroup;
			children = (
				3277C44F28140F680074FA77 /* MonRestaurants.app */,
			);
			name = Products;
			sourceTree = "<group>";
		};
		3277C45128140F680074FA77 /* MonRestaurants */ = {
			isa = PBXGroup;
			children = (
				32F66D1A2818076E005468AD /* Extentions */,
				3277C487281467DC0074FA77 /* Controllers */,
				32D2C98D28146F8B001ABA61 /* Views */,
				32D2C9942815C3A6001ABA61 /* Model */,
				32D2C9982815C6F1001ABA61 /* Storyboard */,
				3277C45228140F680074FA77 /* AppDelegate.swift */,
				3277C45428140F680074FA77 /* SceneDelegate.swift */,
				32F66D0E28180508005468AD /* Resources */,
				3277C46028140F690074FA77 /* Info.plist */,
			);
			path = MonRestaurants;
			sourceTree = "<group>";
		};
		3277C487281467DC0074FA77 /* Controllers */ = {
			isa = PBXGroup;
			children = (
				3277C4822814500C0074FA77 /* RestaurantTableViewController.swift */,
				32D2C99C28171307001ABA61 /* RestaurantDetailViewController.swift */,
				32F66D21281808B6005468AD /* NavigationController.swift */,
				32F66D23281808D2005468AD /* MapViewController.swift */,
				32F66D25281808E4005468AD /* ReviewViewController.swift */,
				32F4ADEC2819D0A0007E0302 /* NewRestaurantController.swift */,
				32213AB3281AF78700193658 /* WalkthroughContentViewController.swift */,
				32213AB5281AF79B00193658 /* WalkthroughPageViewController.swift */,
				32213AB7281AF7C400193658 /* WalkthroughViewController.swift */,
				32213AC3281AFDEC00193658 /* AboutTableViewController.swift */,
				32213AC5281B089A00193658 /* WebViewController.swift */,
			);
			path = Controllers;
			sourceTree = "<group>";
		};
		32D2C98D28146F8B001ABA61 /* Views */ = {
			isa = PBXGroup;
			children = (
				32D2C98E28146FAE001ABA61 /* RestaurantTableViewCell.swift */,
				32F66D1428180586005468AD /* RestaurantDetailHeaderView.swift */,
				32F66D16281805B2005468AD /* RestaurantDetailTextCell.swift */,
				32F66D18281805CC005468AD /* RestaurantDetailTwoColumnCell.swift */,
				32F66D1F28180827005468AD /* RestaurantDetailMapCell.swift */,
				32F4ADEE2819D15B007E0302 /* RoundedTextField.swift */,
			);
			path = Views;
			sourceTree = "<group>";
		};
		32D2C9942815C3A6001ABA61 /* Model */ = {
			isa = PBXGroup;
			children = (
				32D2C9952815C3C5001ABA61 /* Restaurant.swift */,
				32D2C9992815D890001ABA61 /* RestaurantDiffableDataSource.swift */,
			);
			path = Model;
			sourceTree = "<group>";
		};
		32D2C9982815C6F1001ABA61 /* Storyboard */ = {
			isa = PBXGroup;
			children = (
				3277C45D28140F690074FA77 /* LaunchScreen.storyboard */,
				32213ABC281AF85C00193658 /* Main.storyboard */,
				32213ABD281AF85C00193658 /* Onboarding.storyboard */,
				32213ABB281AF85C00193658 /* About.storyboard */,
				32213ABE281AF85C00193658 /* Discover.storyboard */,
			);
			path = Storyboard;
			sourceTree = "<group>";
		};
		32F66D0E28180508005468AD /* Resources */ = {
			isa = PBXGroup;
			children = (
				32213AB9281AF84300193658 /* Assets.xcassets */,
				3206EBC52819D6A7006A9FF0 /* MonRestaurants.xcdatamodeld */,
				32F66D0F2818051A005468AD /* Fonts */,
			);
			path = Resources;
			sourceTree = "<group>";
		};
		32F66D0F2818051A005468AD /* Fonts */ = {
			isa = PBXGroup;
			children = (
				32F66D102818052E005468AD /* Nunito-Bold.ttf */,
				32F66D112818052E005468AD /* Nunito-Regular.ttf */,
			);
			path = Fonts;
			sourceTree = "<group>";
		};
		32F66D1A2818076E005468AD /* Extentions */ = {
			isa = PBXGroup;
			children = (
				32F66D1B28180781005468AD /* UIColor+Ext.swift */,
			);
			path = Extentions;
			sourceTree = "<group>";
		};
/* End PBXGroup section */

/* Begin PBXNativeTarget section */
		3277C44E28140F680074FA77 /* MonRestaurants */ = {
			isa = PBXNativeTarget;
			buildConfigurationList = 3277C47928140F690074FA77 /* Build configuration list for PBXNativeTarget "MonRestaurants" */;
			buildPhases = (
				3277C44B28140F680074FA77 /* Sources */,
				3277C44C28140F680074FA77 /* Frameworks */,
				3277C44D28140F680074FA77 /* Resources */,
			);
			buildRules = (
			);
			dependencies = (
			);
			name = MonRestaurants;
			productName = MonRestaurants;
			productReference = 3277C44F28140F680074FA77 /* MonRestaurants.app */;
			productType = "com.apple.product-type.application";
		};
/* End PBXNativeTarget section */

/* Begin PBXProject section */
		3277C44728140F680074FA77 /* Project object */ = {
			isa = PBXProject;
			attributes = {
				BuildIndependentTargetsInParallel = 1;
				LastSwiftUpdateCheck = 1320;
				LastUpgradeCheck = 1320;
				TargetAttributes = {
					3277C44E28140F680074FA77 = {
						CreatedOnToolsVersion = 13.2.1;
					};
				};
			};
			buildConfigurationList = 3277C44A28140F680074FA77 /* Build configuration list for PBXProject "MonRestaurants" */;
			compatibilityVersion = "Xcode 13.0";
			developmentRegion = en;
			hasScannedForEncodings = 0;
			knownRegions = (
				en,
				Base,
			);
			mainGroup = 3277C44628140F680074FA77;
			productRefGroup = 3277C45028140F680074FA77 /* Products */;
			projectDirPath = "";
			projectRoot = "";
			targets = (
				3277C44E28140F680074FA77 /* MonRestaurants */,
			);
		};
/* End PBXProject section */

/* Begin PBXResourcesBuildPhase section */
		3277C44D28140F680074FA77 /* Resources */ = {
			isa = PBXResourcesBuildPhase;
			buildActionMask = 2147483647;
			files = (
				32213ABA281AF84300193658 /* Assets.xcassets in Resources */,
				32213AC1281AF85C00193658 /* Onboarding.storyboard in Resources */,
				3277C45F28140F690074FA77 /* LaunchScreen.storyboard in Resources */,
				32213ABF281AF85C00193658 /* About.storyboard in Resources */,
				32213AC0281AF85C00193658 /* Main.storyboard in Resources */,
				32213AC2281AF85C00193658 /* Discover.storyboard in Resources */,
			);
			runOnlyForDeploymentPostprocessing = 0;
		};
/* End PBXResourcesBuildPhase section */

/* Begin PBXSourcesBuildPhase section */
		3277C44B28140F680074FA77 /* Sources */ = {
			isa = PBXSourcesBuildPhase;
			buildActionMask = 2147483647;
			files = (
				32D2C9962815C3C5001ABA61 /* Restaurant.swift in Sources */,
				32F4ADEF2819D15B007E0302 /* RoundedTextField.swift in Sources */,
				32213AB6281AF79B00193658 /* WalkthroughPageViewController.swift in Sources */,
				32213AC4281AFDEC00193658 /* AboutTableViewController.swift in Sources */,
				32F66D17281805B2005468AD /* RestaurantDetailTextCell.swift in Sources */,
				32F66D26281808E4005468AD /* ReviewViewController.swift in Sources */,
				32F66D2028180827005468AD /* RestaurantDetailMapCell.swift in Sources */,
				32D2C98F28146FAE001ABA61 /* RestaurantTableViewCell.swift in Sources */,
				3277C45328140F680074FA77 /* AppDelegate.swift in Sources */,
				32F66D1C28180781005468AD /* UIColor+Ext.swift in Sources */,
				32F66D19281805CC005468AD /* RestaurantDetailTwoColumnCell.swift in Sources */,
				3277C45528140F680074FA77 /* SceneDelegate.swift in Sources */,
				32F66D22281808B6005468AD /* NavigationController.swift in Sources */,
				3206EBC72819D6A7006A9FF0 /* MonRestaurants.xcdatamodeld in Sources */,
				32213AC6281B089A00193658 /* WebViewController.swift in Sources */,
				32213AB4281AF78700193658 /* WalkthroughContentViewController.swift in Sources */,
				32D2C99A2815D890001ABA61 /* RestaurantDiffableDataSource.swift in Sources */,
				32213AB8281AF7C400193658 /* WalkthroughViewController.swift in Sources */,
				32D2C99D28171307001ABA61 /* RestaurantDetailViewController.swift in Sources */,
				32F66D1528180586005468AD /* RestaurantDetailHeaderView.swift in Sources */,
				3277C4832814500C0074FA77 /* RestaurantTableViewController.swift in Sources */,
				32F66D24281808D2005468AD /* MapViewController.swift in Sources */,
				32F4ADED2819D0A0007E0302 /* NewRestaurantController.swift in Sources */,
			);
			runOnlyForDeploymentPostprocessing = 0;
		};
/* End PBXSourcesBuildPhase section */

/* Begin PBXVariantGroup section */
		3277C45D28140F690074FA77 /* LaunchScreen.storyboard */ = {
			isa = PBXVariantGroup;
			children = (
				3277C45E28140F690074FA77 /* Base */,
			);
			name = LaunchScreen.storyboard;
			sourceTree = "<group>";
		};
/* End PBXVariantGroup section */

/* Begin XCBuildConfiguration section */
		3277C47728140F690074FA77 /* Debug */ = {
			isa = XCBuildConfiguration;
			buildSettings = {
				ALWAYS_SEARCH_USER_PATHS = NO;
				CLANG_ANALYZER_NONNULL = YES;
				CLANG_ANALYZER_NUMBER_OBJECT_CONVERSION = YES_AGGRESSIVE;
				CLANG_CXX_LANGUAGE_STANDARD = "gnu++17";
				CLANG_CXX_LIBRARY = "libc++";
				CLANG_ENABLE_MODULES = YES;
				CLANG_ENABLE_OBJC_ARC = YES;
				CLANG_ENABLE_OBJC_WEAK = YES;
				CLANG_WARN_BLOCK_CAPTURE_AUTORELEASING = YES;
				CLANG_WARN_BOOL_CONVERSION = YES;
				CLANG_WARN_COMMA = YES;
				CLANG_WARN_CONSTANT_CONVERSION = YES;
				CLANG_WARN_DEPRECATED_OBJC_IMPLEMENTATIONS = YES;
				CLANG_WARN_DIRECT_OBJC_ISA_USAGE = YES_ERROR;
				CLANG_WARN_DOCUMENTATION_COMMENTS = YES;
				CLANG_WARN_EMPTY_BODY = YES;
				CLANG_WARN_ENUM_CONVERSION = YES;
				CLANG_WARN_INFINITE_RECURSION = YES;
				CLANG_WARN_INT_CONVERSION = YES;
				CLANG_WARN_NON_LITERAL_NULL_CONVERSION = YES;
				CLANG_WARN_OBJC_IMPLICIT_RETAIN_SELF = YES;
				CLANG_WARN_OBJC_LITERAL_CONVERSION = YES;
				CLANG_WARN_OBJC_ROOT_CLASS = YES_ERROR;
				CLANG_WARN_QUOTED_INCLUDE_IN_FRAMEWORK_HEADER = YES;
				CLANG_WARN_RANGE_LOOP_ANALYSIS = YES;
				CLANG_WARN_STRICT_PROTOTYPES = YES;
				CLANG_WARN_SUSPICIOUS_MOVE = YES;
				CLANG_WARN_UNGUARDED_AVAILABILITY = YES_AGGRESSIVE;
				CLANG_WARN_UNREACHABLE_CODE = YES;
				CLANG_WARN__DUPLICATE_METHOD_MATCH = YES;
				COPY_PHASE_STRIP = NO;
				DEBUG_INFORMATION_FORMAT = dwarf;
				ENABLE_STRICT_OBJC_MSGSEND = YES;
				ENABLE_TESTABILITY = YES;
				GCC_C_LANGUAGE_STANDARD = gnu11;
				GCC_DYNAMIC_NO_PIC = NO;
				GCC_NO_COMMON_BLOCKS = YES;
				GCC_OPTIMIZATION_LEVEL = 0;
				GCC_PREPROCESSOR_DEFINITIONS = (
					"DEBUG=1",
					"$(inherited)",
				);
				GCC_WARN_64_TO_32_BIT_CONVERSION = YES;
				GCC_WARN_ABOUT_RETURN_TYPE = YES_ERROR;
				GCC_WARN_UNDECLARED_SELECTOR = YES;
				GCC_WARN_UNINITIALIZED_AUTOS = YES_AGGRESSIVE;
				GCC_WARN_UNUSED_FUNCTION = YES;
				GCC_WARN_UNUSED_VARIABLE = YES;
				IPHONEOS_DEPLOYMENT_TARGET = 15.0;
				MTL_ENABLE_DEBUG_INFO = INCLUDE_SOURCE;
				MTL_FAST_MATH = YES;
				ONLY_ACTIVE_ARCH = YES;
				SDKROOT = iphoneos;
				SWIFT_ACTIVE_COMPILATION_CONDITIONS = DEBUG;
				SWIFT_OPTIMIZATION_LEVEL = "-Onone";
			};
			name = Debug;
		};
		3277C47828140F690074FA77 /* Release */ = {
			isa = XCBuildConfiguration;
			buildSettings = {
				ALWAYS_SEARCH_USER_PATHS = NO;
				CLANG_ANALYZER_NONNULL = YES;
				CLANG_ANALYZER_NUMBER_OBJECT_CONVERSION = YES_AGGRESSIVE;
				CLANG_CXX_LANGUAGE_STANDARD = "gnu++17";
				CLANG_CXX_LIBRARY = "libc++";
				CLANG_ENABLE_MODULES = YES;
				CLANG_ENABLE_OBJC_ARC = YES;
				CLANG_ENABLE_OBJC_WEAK = YES;
				CLANG_WARN_BLOCK_CAPTURE_AUTORELEASING = YES;
				CLANG_WARN_BOOL_CONVERSION = YES;
				CLANG_WARN_COMMA = YES;
				CLANG_WARN_CONSTANT_CONVERSION = YES;
				CLANG_WARN_DEPRECATED_OBJC_IMPLEMENTATIONS = YES;
				CLANG_WARN_DIRECT_OBJC_ISA_USAGE = YES_ERROR;
				CLANG_WARN_DOCUMENTATION_COMMENTS = YES;
				CLANG_WARN_EMPTY_BODY = YES;
				CLANG_WARN_ENUM_CONVERSION = YES;
				CLANG_WARN_INFINITE_RECURSION = YES;
				CLANG_WARN_INT_CONVERSION = YES;
				CLANG_WARN_NON_LITERAL_NULL_CONVERSION = YES;
				CLANG_WARN_OBJC_IMPLICIT_RETAIN_SELF = YES;
				CLANG_WARN_OBJC_LITERAL_CONVERSION = YES;
				CLANG_WARN_OBJC_ROOT_CLASS = YES_ERROR;
				CLANG_WARN_QUOTED_INCLUDE_IN_FRAMEWORK_HEADER = YES;
				CLANG_WARN_RANGE_LOOP_ANALYSIS = YES;
				CLANG_WARN_STRICT_PROTOTYPES = YES;
				CLANG_WARN_SUSPICIOUS_MOVE = YES;
				CLANG_WARN_UNGUARDED_AVAILABILITY = YES_AGGRESSIVE;
				CLANG_WARN_UNREACHABLE_CODE = YES;
				CLANG_WARN__DUPLICATE_METHOD_MATCH = YES;
				COPY_PHASE_STRIP = NO;
				DEBUG_INFORMATION_FORMAT = "dwarf-with-dsym";
				ENABLE_NS_ASSERTIONS = NO;
				ENABLE_STRICT_OBJC_MSGSEND = YES;
				GCC_C_LANGUAGE_STANDARD = gnu11;
				GCC_NO_COMMON_BLOCKS = YES;
				GCC_WARN_64_TO_32_BIT_CONVERSION = YES;
				GCC_WARN_ABOUT_RETURN_TYPE = YES_ERROR;
				GCC_WARN_UNDECLARED_SELECTOR = YES;
				GCC_WARN_UNINITIALIZED_AUTOS = YES_AGGRESSIVE;
				GCC_WARN_UNUSED_FUNCTION = YES;
				GCC_WARN_UNUSED_VARIABLE = YES;
				IPHONEOS_DEPLOYMENT_TARGET = 15.0;
				MTL_ENABLE_DEBUG_INFO = NO;
				MTL_FAST_MATH = YES;
				SDKROOT = iphoneos;
				SWIFT_COMPILATION_MODE = wholemodule;
				SWIFT_OPTIMIZATION_LEVEL = "-O";
				VALIDATE_PRODUCT = YES;
			};
			name = Release;
		};
		3277C47A28140F690074FA77 /* Debug */ = {
			isa = XCBuildConfiguration;
			buildSettings = {
				ASSETCATALOG_COMPILER_APPICON_NAME = AppIcon;
				ASSETCATALOG_COMPILER_GLOBAL_ACCENT_COLOR_NAME = AccentColor;
				CODE_SIGN_STYLE = Automatic;
				CURRENT_PROJECT_VERSION = 1;
				DEVELOPMENT_TEAM = 65G82JSHP5;
				GENERATE_INFOPLIST_FILE = YES;
				INFOPLIST_FILE = MonRestaurants/Info.plist;
				INFOPLIST_KEY_CFBundleDisplayName = "Mon Restaurants";
				INFOPLIST_KEY_NSCameraUsageDescription = "You need to grant the app access to your camera in order to take photos.";
				INFOPLIST_KEY_NSPhotoLibraryUsageDescription = "You need to grant the app access to your photo library so you can pick your favorite restaurant photo.";
				INFOPLIST_KEY_UIApplicationSupportsIndirectInputEvents = YES;
				INFOPLIST_KEY_UILaunchStoryboardName = LaunchScreen;
				INFOPLIST_KEY_UIMainStoryboardFile = Main;
				INFOPLIST_KEY_UIRequiredDeviceCapabilities = armv7;
				INFOPLIST_KEY_UISupportedInterfaceOrientations = "UIInterfaceOrientationPortrait UIInterfaceOrientationLandscapeLeft UIInterfaceOrientationLandscapeRight";
				INFOPLIST_KEY_UISupportedInterfaceOrientations_iPad = "UIInterfaceOrientationPortrait UIInterfaceOrientationPortraitUpsideDown UIInterfaceOrientationLandscapeLeft UIInterfaceOrientationLandscapeRight";
				INFOPLIST_KEY_UISupportedInterfaceOrientations_iPhone = "UIInterfaceOrientationPortrait UIInterfaceOrientationLandscapeLeft UIInterfaceOrientationLandscapeRight";
				IPHONEOS_DEPLOYMENT_TARGET = 15.0;
				LD_RUNPATH_SEARCH_PATHS = (
					"$(inherited)",
					"@executable_path/Frameworks",
				);
				MARKETING_VERSION = 1.0;
				PRODUCT_BUNDLE_IDENTIFIER = z.MonRestaurants;
				PRODUCT_NAME = "$(TARGET_NAME)";
				SWIFT_EMIT_LOC_STRINGS = YES;
				SWIFT_VERSION = 5.0;
				TARGETED_DEVICE_FAMILY = "1,2";
			};
			name = Debug;
		};
		3277C47B28140F690074FA77 /* Release */ = {
			isa = XCBuildConfiguration;
			buildSettings = {
				ASSETCATALOG_COMPILER_APPICON_NAME = AppIcon;
				ASSETCATALOG_COMPILER_GLOBAL_ACCENT_COLOR_NAME = AccentColor;
				CODE_SIGN_STYLE = Automatic;
				CURRENT_PROJECT_VERSION = 1;
				DEVELOPMENT_TEAM = 65G82JSHP5;
				GENERATE_INFOPLIST_FILE = YES;
				INFOPLIST_FILE = MonRestaurants/Info.plist;
				INFOPLIST_KEY_CFBundleDisplayName = "Mon Restaurants";
				INFOPLIST_KEY_NSCameraUsageDescription = "You need to grant the app access to your camera in order to take photos.";
				INFOPLIST_KEY_NSPhotoLibraryUsageDescription = "You need to grant the app access to your photo library so you can pick your favorite restaurant photo.";
				INFOPLIST_KEY_UIApplicationSupportsIndirectInputEvents = YES;
				INFOPLIST_KEY_UILaunchStoryboardName = LaunchScreen;
				INFOPLIST_KEY_UIMainStoryboardFile = Main;
				INFOPLIST_KEY_UIRequiredDeviceCapabilities = armv7;
				INFOPLIST_KEY_UISupportedInterfaceOrientations = "UIInterfaceOrientationPortrait UIInterfaceOrientationLandscapeLeft UIInterfaceOrientationLandscapeRight";
				INFOPLIST_KEY_UISupportedInterfaceOrientations_iPad = "UIInterfaceOrientationPortrait UIInterfaceOrientationPortraitUpsideDown UIInterfaceOrientationLandscapeLeft UIInterfaceOrientationLandscapeRight";
				INFOPLIST_KEY_UISupportedInterfaceOrientations_iPhone = "UIInterfaceOrientationPortrait UIInterfaceOrientationLandscapeLeft UIInterfaceOrientationLandscapeRight";
				IPHONEOS_DEPLOYMENT_TARGET = 15.0;
				LD_RUNPATH_SEARCH_PATHS = (
					"$(inherited)",
					"@executable_path/Frameworks",
				);
				MARKETING_VERSION = 1.0;
				PRODUCT_BUNDLE_IDENTIFIER = z.MonRestaurants;
				PRODUCT_NAME = "$(TARGET_NAME)";
				SWIFT_EMIT_LOC_STRINGS = YES;
				SWIFT_VERSION = 5.0;
				TARGETED_DEVICE_FAMILY = "1,2";
			};
			name = Release;
		};
/* End XCBuildConfiguration section */

/* Begin XCConfigurationList section */
		3277C44A28140F680074FA77 /* Build configuration list for PBXProject "MonRestaurants" */ = {
			isa = XCConfigurationList;
			buildConfigurations = (
				3277C47728140F690074FA77 /* Debug */,
				3277C47828140F690074FA77 /* Release */,
			);
			defaultConfigurationIsVisible = 0;
			defaultConfigurationName = Release;
		};
		3277C47928140F690074FA77 /* Build configuration list for PBXNativeTarget "MonRestaurants" */ = {
			isa = XCConfigurationList;
			buildConfigurations = (
				3277C47A28140F690074FA77 /* Debug */,
				3277C47B28140F690074FA77 /* Release */,
			);
			defaultConfigurationIsVisible = 0;
			defaultConfigurationName = Release;
		};
/* End XCConfigurationList section */

/* Begin XCVersionGroup section */
		3206EBC52819D6A7006A9FF0 /* MonRestaurants.xcdatamodeld */ = {
			isa = XCVersionGroup;
			children = (
				3206EBC62819D6A7006A9FF0 /* MonRestaurants.xcdatamodel */,
			);
			currentVersion = 3206EBC62819D6A7006A9FF0 /* MonRestaurants.xcdatamodel */;
			path = MonRestaurants.xcdatamodeld;
			sourceTree = "<group>";
			versionGroupType = wrapper.xcdatamodel;
		};
/* End XCVersionGroup section */
	};
	rootObject = 3277C44728140F680074FA77 /* Project object */;
}
